{
  "lockfileVersion": 1,
  "dependencies": {
    "assignment": {
      "version": "https://registry.npmjs.org/assignment/-/assignment-2.2.1.tgz",
      "integrity": "sha1-NZp3JrV+Vca5gFL6OoL1jykFJSM="
    },
    "escape-string-regexp": {
      "version": "https://registry.npmjs.org/escape-string-regexp/-/escape-string-regexp-1.0.5.tgz",
      "integrity": "sha1-G2HAViGQqN/2rjuyzwIAyhMLhtQ="
    },
    "flat": {
      "version": "https://registry.npmjs.org/flat/-/flat-2.0.1.tgz",
      "integrity": "sha1-cOKRiKdL4MPIlAnu0fqVd5B64y8="
    },
    "is-buffer": {
      "version": "https://registry.npmjs.org/is-buffer/-/is-buffer-1.1.5.tgz",
      "integrity": "sha1-Hzsm72E7IUuIy8ojzGwB2Hlh7sw="
    },
    "json5": {
      "version": "0.5.1",
      "resolved": "https://registry.npmjs.org/json5/-/json5-0.5.1.tgz",
      "integrity": "sha1-Hq3nrMASA0rYTiOWdn6tn6VJWCE="
    },
    "properties-parser": {
      "version": "https://registry.npmjs.org/properties-parser/-/properties-parser-0.3.1.tgz",
      "integrity": "sha1-ExbpU5/7/ZOEXjabIRAiq9R4dxo="
    },
    "string.prototype.codepointat": {
      "version": "https://registry.npmjs.org/string.prototype.codepointat/-/string.prototype.codepointat-0.2.0.tgz",
      "integrity": "sha1-aybpvTr8qnvjtCabUm3huCAArHg="
    }
  }
}
